
Microsoft Visual Studio Solution File, Format Version 12.00
# Visual Studio Version 17
VisualStudioVersion = 17.0.32126.317
MinimumVisualStudioVersion = 10.0.40219.1
Project("{FAE04EC0-301F-11D3-BF4B-00C04F79EFBC}") = "Presentacion", "Presentacion\Presentacion.csproj", "{FD93552D-A9B1-46CF-9C1A-0E15EE3D91B6}"
EndProject
Project("{FAE04EC0-301F-11D3-BF4B-00C04F79EFBC}") = "Negocio", "Negocio\Negocio.csproj", "{84EE87DC-C015-49CB-88B7-279DADC44785}"
EndProject
Project("{FAE04EC0-301F-11D3-BF4B-00C04F79EFBC}") = "Logica", "Logica\Logica.csproj", "{04D0765D-D886-4CE0-ADB8-6B1A54B71A68}"
EndProject
Global
	GlobalSection(SolutionConfigurationPlatforms) = preSolution
		Debug|Any CPU = Debug|Any CPU
		Release|Any CPU = Release|Any CPU
	EndGlobalSection
	GlobalSection(ProjectConfigurationPlatforms) = postSolution
		{FD93552D-A9B1-46CF-9C1A-0E15EE3D91B6}.Debug|Any CPU.ActiveCfg = Debug|Any CPU
		{FD93552D-A9B1-46CF-9C1A-0E15EE3D91B6}.Debug|Any CPU.Build.0 = Debug|Any CPU
		{FD93552D-A9B1-46CF-9C1A-0E15EE3D91B6}.Release|Any CPU.ActiveCfg = Release|Any CPU
		{FD93552D-A9B1-46CF-9C1A-0E15EE3D91B6}.Release|Any CPU.Build.0 = Release|Any CPU
		{84EE87DC-C015-49CB-88B7-279DADC44785}.Debug|Any CPU.ActiveCfg = Debug|Any CPU
		{84EE87DC-C015-49CB-88B7-279DADC44785}.Debug|Any CPU.Build.0 = Debug|Any CPU
		{84EE87DC-C015-49CB-88B7-279DADC44785}.Release|Any CPU.ActiveCfg = Release|Any CPU
		{84EE87DC-C015-49CB-88B7-279DADC44785}.Release|Any CPU.Build.0 = Release|Any CPU
		{04D0765D-D886-4CE0-ADB8-6B1A54B71A68}.Debug|Any CPU.ActiveCfg = Debug|Any CPU
		{04D0765D-D886-4CE0-ADB8-6B1A54B71A68}.Debug|Any CPU.Build.0 = Debug|Any CPU
		{04D0765D-D886-4CE0-ADB8-6B1A54B71A68}.Release|Any CPU.ActiveCfg = Release|Any CPU
		{04D0765D-D886-4CE0-ADB8-6B1A54B71A68}.Release|Any CPU.Build.0 = Release|Any CPU
	EndGlobalSection
	GlobalSection(SolutionProperties) = preSolution
		HideSolutionNode = FALSE
	EndGlobalSection
	GlobalSection(ExtensibilityGlobals) = postSolution
		SolutionGuid = {BFAD401A-D8E1-4048-A268-69B6958F8DFE}
	EndGlobalSection
EndGlobal
